PODS:
  - IQPaywallUI (1.0.0):
    - IQPurchaseKit
  - IQPurchaseKit (1.0.0)
  - SwiftLint (0.62.2)

DEPENDENCIES:
  - IQPaywallUI (from `../`)
  - IQPurchaseKit (from `../../IQPurchaseKit`)
  - SwiftLint

SPEC REPOS:
  trunk:
    - SwiftLint

EXTERNAL SOURCES:
  IQPaywallUI:
    :path: "../"
  IQPurchaseKit:
    :path: "../../IQPurchaseKit"

SPEC CHECKSUMS:
  IQPaywallUI: 9ecd5b6f8d619b5481096b1c0f4ce11ad9e0a598
  IQPurchaseKit: 4d66ea0b2686aba1ed7801b6aee19506d8c00b5f
  SwiftLint: f84fc7d844e9cde0dc4f5013af608a269e317aba

PODFILE CHECKSUM: 762cc431b6227efc5740a1b28b538170b86f218a

COCOAPODS: 1.17.0
